// !$*UTF8*$!
{
	archiveVersion = 1;
	classes = {
	};
	objectVersion = 46;
	objects = {

/* Begin PBXBuildFile section */
		F2C139FD1AAC24EF001D826B /* AppDelegate.swift in Sources */ = {isa = PBXBuildFile; fileRef = F2C139FC1AAC24EF001D826B /* AppDelegate.swift */; };
		F2C13A001AAC24EF001D826B /* SnapChat.xcdatamodeld in Sources */ = {isa = PBXBuildFile; fileRef = F2C139FE1AAC24EF001D826B /* SnapChat.xcdatamodeld */; };
		F2C13A021AAC24EF001D826B /* ViewController.swift in Sources */ = {isa = PBXBuildFile; fileRef = F2C13A011AAC24EF001D826B /* ViewController.swift */; };
		F2C13A051AAC24EF001D826B /* Main.storyboard in Resources */ = {isa = PBXBuildFile; fileRef = F2C13A031AAC24EF001D826B /* Main.storyboard */; };
		F2C13A071AAC24EF001D826B /* Images.xcassets in Resources */ = {isa = PBXBuildFile; fileRef = F2C13A061AAC24EF001D826B /* Images.xcassets */; };
		F2C13A0A1AAC24EF001D826B /* LaunchScreen.xib in Resources */ = {isa = PBXBuildFile; fileRef = F2C13A081AAC24EF001D826B /* LaunchScreen.xib */; };
		F2C13A161AAC24EF001D826B /* SnapChatTests.swift in Sources */ = {isa = PBXBuildFile; fileRef = F2C13A151AAC24EF001D826B /* SnapChatTests.swift */; };
		F2C13A201AAC257D001D826B /* FacebookSDK.framework in Frameworks */ = {isa = PBXBuildFile; fileRef = F2C13A1F1AAC257D001D826B /* FacebookSDK.framework */; };
		F2C13A271AAC2A18001D826B /* Bolts.framework in Frameworks */ = {isa = PBXBuildFile; fileRef = F2C13A241AAC2A18001D826B /* Bolts.framework */; };
		F2C13A281AAC2A18001D826B /* Parse.framework in Frameworks */ = {isa = PBXBuildFile; fileRef = F2C13A251AAC2A18001D826B /* Parse.framework */; };
		F2C13A291AAC2A18001D826B /* ParseFacebookUtils.framework in Frameworks */ = {isa = PBXBuildFile; fileRef = F2C13A261AAC2A18001D826B /* ParseFacebookUtils.framework */; };
		F2C13A2B1AAC2B3E001D826B /* AudioToolbox.framework in Frameworks */ = {isa = PBXBuildFile; fileRef = F2C13A2A1AAC2B3E001D826B /* AudioToolbox.framework */; };
		F2C13A2D1AAC2B4F001D826B /* CFNetwork.framework in Frameworks */ = {isa = PBXBuildFile; fileRef = F2C13A2C1AAC2B4F001D826B /* CFNetwork.framework */; };
		F2C13A2F1AAC2B5B001D826B /* CoreGraphics.framework in Frameworks */ = {isa = PBXBuildFile; fileRef = F2C13A2E1AAC2B5B001D826B /* CoreGraphics.framework */; };
		F2C13A311AAC2B65001D826B /* CoreLocation.framework in Frameworks */ = {isa = PBXBuildFile; fileRef = F2C13A301AAC2B65001D826B /* CoreLocation.framework */; };
		F2C13A331AAC2B6F001D826B /* MobileCoreServices.framework in Frameworks */ = {isa = PBXBuildFile; fileRef = F2C13A321AAC2B6F001D826B /* MobileCoreServices.framework */; };
		F2C13A351AAC2B7D001D826B /* QuartzCore.framework in Frameworks */ = {isa = PBXBuildFile; fileRef = F2C13A341AAC2B7D001D826B /* QuartzCore.framework */; };
		F2C13A371AAC2B88001D826B /* Security.framework in Frameworks */ = {isa = PBXBuildFile; fileRef = F2C13A361AAC2B88001D826B /* Security.framework */; };
		F2C13A391AAC2B93001D826B /* StoreKit.framework in Frameworks */ = {isa = PBXBuildFile; fileRef = F2C13A381AAC2B93001D826B /* StoreKit.framework */; };
		F2C13A3B1AAC2B9D001D826B /* SystemConfiguration.framework in Frameworks */ = {isa = PBXBuildFile; fileRef = F2C13A3A1AAC2B9D001D826B /* SystemConfiguration.framework */; };
		F2C13A3D1AAC2BA7001D826B /* libz.dylib in Frameworks */ = {isa = PBXBuildFile; fileRef = F2C13A3C1AAC2BA7001D826B /* libz.dylib */; };
		F2C13A3F1AAC2BB2001D826B /* libsqlite3.dylib in Frameworks */ = {isa = PBXBuildFile; fileRef = F2C13A3E1AAC2BB2001D826B /* libsqlite3.dylib */; };
		F2C13A411AAC3A6E001D826B /* fb-button.png in Resources */ = {isa = PBXBuildFile; fileRef = F2C13A401AAC3A6E001D826B /* fb-button.png */; };
		F2C13A431AAC3B39001D826B /* Snapchat-flashy-features.jpg in Resources */ = {isa = PBXBuildFile; fileRef = F2C13A421AAC3B39001D826B /* Snapchat-flashy-features.jpg */; };
/* End PBXBuildFile section */

/* Begin PBXContainerItemProxy section */
		F2C13A101AAC24EF001D826B /* PBXContainerItemProxy */ = {
			isa = PBXContainerItemProxy;
			containerPortal = F2C139EF1AAC24EF001D826B /* Project object */;
			proxyType = 1;
			remoteGlobalIDString = F2C139F61AAC24EF001D826B;
			remoteInfo = SnapChat;
		};
/* End PBXContainerItemProxy section */

/* Begin PBXFileReference section */
		F2C139F71AAC24EF001D826B /* SnapChat.app */ = {isa = PBXFileReference; explicitFileType = wrapper.application; includeInIndex = 0; path = SnapChat.app; sourceTree = BUILT_PRODUCTS_DIR; };
		F2C139FB1AAC24EF001D826B /* Info.plist */ = {isa = PBXFileReference; lastKnownFileType = text.plist.xml; path = Info.plist; sourceTree = "<group>"; };
		F2C139FC1AAC24EF001D826B /* AppDelegate.swift */ = {isa = PBXFileReference; lastKnownFileType = sourcecode.swift; path = AppDelegate.swift; sourceTree = "<group>"; };
		F2C139FF1AAC24EF001D826B /* SnapChat.xcdatamodel */ = {isa = PBXFileReference; lastKnownFileType = wrapper.xcdatamodel; path = SnapChat.xcdatamodel; sourceTree = "<group>"; };
		F2C13A011AAC24EF001D826B /* ViewController.swift */ = {isa = PBXFileReference; lastKnownFileType = sourcecode.swift; path = ViewController.swift; sourceTree = "<group>"; };
		F2C13A041AAC24EF001D826B /* Base */ = {isa = PBXFileReference; lastKnownFileType = file.storyboard; name = Base; path = Base.lproj/Main.storyboard; sourceTree = "<group>"; };
		F2C13A061AAC24EF001D826B /* Images.xcassets */ = {isa = PBXFileReference; lastKnownFileType = folder.assetcatalog; path = Images.xcassets; sourceTree = "<group>"; };
		F2C13A091AAC24EF001D826B /* Base */ = {isa = PBXFileReference; lastKnownFileType = file.xib; name = Base; path = Base.lproj/LaunchScreen.xib; sourceTree = "<group>"; };
		F2C13A0F1AAC24EF001D826B /* SnapChatTests.xctest */ = {isa = PBXFileReference; explicitFileType = wrapper.cfbundle; includeInIndex = 0; path = SnapChatTests.xctest; sourceTree = BUILT_PRODUCTS_DIR; };
		F2C13A141AAC24EF001D826B /* Info.plist */ = {isa = PBXFileReference; lastKnownFileType = text.plist.xml; path = Info.plist; sourceTree = "<group>"; };
		F2C13A151AAC24EF001D826B /* SnapChatTests.swift */ = {isa = PBXFileReference; lastKnownFileType = sourcecode.swift; path = SnapChatTests.swift; sourceTree = "<group>"; };
		F2C13A1F1AAC257D001D826B /* FacebookSDK.framework */ = {isa = PBXFileReference; lastKnownFileType = wrapper.framework; path = FacebookSDK.framework; sourceTree = "<group>"; };
		F2C13A211AAC291A001D826B /* SnapChat-Bridging-Header.h */ = {isa = PBXFileReference; lastKnownFileType = sourcecode.c.h; path = "SnapChat-Bridging-Header.h"; sourceTree = "<group>"; };
		F2C13A241AAC2A18001D826B /* Bolts.framework */ = {isa = PBXFileReference; lastKnownFileType = wrapper.framework; path = Bolts.framework; sourceTree = "<group>"; };
		F2C13A251AAC2A18001D826B /* Parse.framework */ = {isa = PBXFileReference; lastKnownFileType = wrapper.framework; path = Parse.framework; sourceTree = "<group>"; };
		F2C13A261AAC2A18001D826B /* ParseFacebookUtils.framework */ = {isa = PBXFileReference; lastKnownFileType = wrapper.framework; path = ParseFacebookUtils.framework; sourceTree = "<group>"; };
		F2C13A2A1AAC2B3E001D826B /* AudioToolbox.framework */ = {isa = PBXFileReference; lastKnownFileType = wrapper.framework; name = AudioToolbox.framework; path = System/Library/Frameworks/AudioToolbox.framework; sourceTree = SDKROOT; };
		F2C13A2C1AAC2B4F001D826B /* CFNetwork.framework */ = {isa = PBXFileReference; lastKnownFileType = wrapper.framework; name = CFNetwork.framework; path = System/Library/Frameworks/CFNetwork.framework; sourceTree = SDKROOT; };
		F2C13A2E1AAC2B5B001D826B /* CoreGraphics.framework */ = {isa = PBXFileReference; lastKnownFileType = wrapper.framework; name = CoreGraphics.framework; path = System/Library/Frameworks/CoreGraphics.framework; sourceTree = SDKROOT; };
		F2C13A301AAC2B65001D826B /* CoreLocation.framework */ = {isa = PBXFileReference; lastKnownFileType = wrapper.framework; name = CoreLocation.framework; path = System/Library/Frameworks/CoreLocation.framework; sourceTree = SDKROOT; };
		F2C13A321AAC2B6F001D826B /* MobileCoreServices.framework */ = {isa = PBXFileReference; lastKnownFileType = wrapper.framework; name = MobileCoreServices.framework; path = System/Library/Frameworks/MobileCoreServices.framework; sourceTree = SDKROOT; };
		F2C13A341AAC2B7D001D826B /* QuartzCore.framework */ = {isa = PBXFileReference; lastKnownFileType = wrapper.framework; name = QuartzCore.framework; path = System/Library/Frameworks/QuartzCore.framework; sourceTree = SDKROOT; };
		F2C13A361AAC2B88001D826B /* Security.framework */ = {isa = PBXFileReference; lastKnownFileType = wrapper.framework; name = Security.framework; path = System/Library/Frameworks/Security.framework; sourceTree = SDKROOT; };
		F2C13A381AAC2B93001D826B /* StoreKit.framework */ = {isa = PBXFileReference; lastKnownFileType = wrapper.framework; name = StoreKit.framework; path = System/Library/Frameworks/StoreKit.framework; sourceTree = SDKROOT; };
		F2C13A3A1AAC2B9D001D826B /* SystemConfiguration.framework */ = {isa = PBXFileReference; lastKnownFileType = wrapper.framework; name = SystemConfiguration.framework; path = System/Library/Frameworks/SystemConfiguration.framework; sourceTree = SDKROOT; };
		F2C13A3C1AAC2BA7001D826B /* libz.dylib */ = {isa = PBXFileReference; lastKnownFileType = "compiled.mach-o.dylib"; name = libz.dylib; path = usr/lib/libz.dylib; sourceTree = SDKROOT; };
		F2C13A3E1AAC2BB2001D826B /* libsqlite3.dylib */ = {isa = PBXFileReference; lastKnownFileType = "compiled.mach-o.dylib"; name = libsqlite3.dylib; path = usr/lib/libsqlite3.dylib; sourceTree = SDKROOT; };
		F2C13A401AAC3A6E001D826B /* fb-button.png */ = {isa = PBXFileReference; lastKnownFileType = image.png; path = "fb-button.png"; sourceTree = "<group>"; };
		F2C13A421AAC3B39001D826B /* Snapchat-flashy-features.jpg */ = {isa = PBXFileReference; lastKnownFileType = image.jpeg; path = "Snapchat-flashy-features.jpg"; sourceTree = "<group>"; };
/* End PBXFileReference section */

/* Begin PBXFrameworksBuildPhase section */
		F2C139F41AAC24EF001D826B /* Frameworks */ = {
			isa = PBXFrameworksBuildPhase;
			buildActionMask = 2147483647;
			files = (
				F2C13A3F1AAC2BB2001D826B /* libsqlite3.dylib in Frameworks */,
				F2C13A3D1AAC2BA7001D826B /* libz.dylib in Frameworks */,
				F2C13A3B1AAC2B9D001D826B /* SystemConfiguration.framework in Frameworks */,
				F2C13A391AAC2B93001D826B /* StoreKit.framework in Frameworks */,
				F2C13A371AAC2B88001D826B /* Security.framework in Frameworks */,
				F2C13A351AAC2B7D001D826B /* QuartzCore.framework in Frameworks */,
				F2C13A331AAC2B6F001D826B /* MobileCoreServices.framework in Frameworks */,
				F2C13A311AAC2B65001D826B /* CoreLocation.framework in Frameworks */,
				F2C13A2F1AAC2B5B001D826B /* CoreGraphics.framework in Frameworks */,
				F2C13A2D1AAC2B4F001D826B /* CFNetwork.framework in Frameworks */,
				F2C13A2B1AAC2B3E001D826B /* AudioToolbox.framework in Frameworks */,
				F2C13A201AAC257D001D826B /* FacebookSDK.framework in Frameworks */,
				F2C13A281AAC2A18001D826B /* Parse.framework in Frameworks */,
				F2C13A291AAC2A18001D826B /* ParseFacebookUtils.framework in Frameworks */,
				F2C13A271AAC2A18001D826B /* Bolts.framework in Frameworks */,
			);
			runOnlyForDeploymentPostprocessing = 0;
		};
		F2C13A0C1AAC24EF001D826B /* Frameworks */ = {
			isa = PBXFrameworksBuildPhase;
			buildActionMask = 2147483647;
			files = (
			);
			runOnlyForDeploymentPostprocessing = 0;
		};
/* End PBXFrameworksBuildPhase section */

/* Begin PBXGroup section */
		F2C139EE1AAC24EF001D826B = {
			isa = PBXGroup;
			children = (
				F2C13A3E1AAC2BB2001D826B /* libsqlite3.dylib */,
				F2C13A3C1AAC2BA7001D826B /* libz.dylib */,
				F2C13A3A1AAC2B9D001D826B /* SystemConfiguration.framework */,
				F2C13A381AAC2B93001D826B /* StoreKit.framework */,
				F2C13A361AAC2B88001D826B /* Security.framework */,
				F2C13A341AAC2B7D001D826B /* QuartzCore.framework */,
				F2C13A321AAC2B6F001D826B /* MobileCoreServices.framework */,
				F2C13A301AAC2B65001D826B /* CoreLocation.framework */,
				F2C13A2E1AAC2B5B001D826B /* CoreGraphics.framework */,
				F2C13A2C1AAC2B4F001D826B /* CFNetwork.framework */,
				F2C13A2A1AAC2B3E001D826B /* AudioToolbox.framework */,
				F2C13A241AAC2A18001D826B /* Bolts.framework */,
				F2C13A251AAC2A18001D826B /* Parse.framework */,
				F2C13A261AAC2A18001D826B /* ParseFacebookUtils.framework */,
				F2C13A1F1AAC257D001D826B /* FacebookSDK.framework */,
				F2C139F91AAC24EF001D826B /* SnapChat */,
				F2C13A121AAC24EF001D826B /* SnapChatTests */,
				F2C139F81AAC24EF001D826B /* Products */,
				F2C13A211AAC291A001D826B /* SnapChat-Bridging-Header.h */,
			);
			sourceTree = "<group>";
		};
		F2C139F81AAC24EF001D826B /* Products */ = {
			isa = PBXGroup;
			children = (
				F2C139F71AAC24EF001D826B /* SnapChat.app */,
				F2C13A0F1AAC24EF001D826B /* SnapChatTests.xctest */,
			);
			name = Products;
			sourceTree = "<group>";
		};
		F2C139F91AAC24EF001D826B /* SnapChat */ = {
			isa = PBXGroup;
			children = (
				F2C139FC1AAC24EF001D826B /* AppDelegate.swift */,
				F2C13A011AAC24EF001D826B /* ViewController.swift */,
				F2C13A031AAC24EF001D826B /* Main.storyboard */,
				F2C13A061AAC24EF001D826B /* Images.xcassets */,
				F2C13A421AAC3B39001D826B /* Snapchat-flashy-features.jpg */,
				F2C13A401AAC3A6E001D826B /* fb-button.png */,
				F2C13A081AAC24EF001D826B /* LaunchScreen.xib */,
				F2C139FE1AAC24EF001D826B /* SnapChat.xcdatamodeld */,
				F2C139FA1AAC24EF001D826B /* Supporting Files */,
			);
			path = SnapChat;
			sourceTree = "<group>";
		};
		F2C139FA1AAC24EF001D826B /* Supporting Files */ = {
			isa = PBXGroup;
			children = (
				F2C139FB1AAC24EF001D826B /* Info.plist */,
			);
			name = "Supporting Files";
			sourceTree = "<group>";
		};
		F2C13A121AAC24EF001D826B /* SnapChatTests */ = {
			isa = PBXGroup;
			children = (
				F2C13A151AAC24EF001D826B /* SnapChatTests.swift */,
				F2C13A131AAC24EF001D826B /* Supporting Files */,
			);
			path = SnapChatTests;
			sourceTree = "<group>";
		};
		F2C13A131AAC24EF001D826B /* Supporting Files */ = {
			isa = PBXGroup;
			children = (
				F2C13A141AAC24EF001D826B /* Info.plist */,
			);
			name = "Supporting Files";
			sourceTree = "<group>";
		};
/* End PBXGroup section */

/* Begin PBXNativeTarget section */
		F2C139F61AAC24EF001D826B /* SnapChat */ = {
			isa = PBXNativeTarget;
			buildConfigurationList = F2C13A191AAC24EF001D826B /* Build configuration list for PBXNativeTarget "SnapChat" */;
			buildPhases = (
				F2C139F31AAC24EF001D826B /* Sources */,
				F2C139F41AAC24EF001D826B /* Frameworks */,
				F2C139F51AAC24EF001D826B /* Resources */,
			);
			buildRules = (
			);
			dependencies = (
			);
			name = SnapChat;
			productName = SnapChat;
			productReference = F2C139F71AAC24EF001D826B /* SnapChat.app */;
			productType = "com.apple.product-type.application";
		};
		F2C13A0E1AAC24EF001D826B /* SnapChatTests */ = {
			isa = PBXNativeTarget;
			buildConfigurationList = F2C13A1C1AAC24EF001D826B /* Build configuration list for PBXNativeTarget "SnapChatTests" */;
			buildPhases = (
				F2C13A0B1AAC24EF001D826B /* Sources */,
				F2C13A0C1AAC24EF001D826B /* Frameworks */,
				F2C13A0D1AAC24EF001D826B /* Resources */,
			);
			buildRules = (
			);
			dependencies = (
				F2C13A111AAC24EF001D826B /* PBXTargetDependency */,
			);
			name = SnapChatTests;
			productName = SnapChatTests;
			productReference = F2C13A0F1AAC24EF001D826B /* SnapChatTests.xctest */;
			productType = "com.apple.product-type.bundle.unit-test";
		};
/* End PBXNativeTarget section */

/* Begin PBXProject section */
		F2C139EF1AAC24EF001D826B /* Project object */ = {
			isa = PBXProject;
			attributes = {
				LastUpgradeCheck = 0630;
				ORGANIZATIONNAME = "Ronald Hernandez";
				TargetAttributes = {
					F2C139F61AAC24EF001D826B = {
						CreatedOnToolsVersion = 6.3;
					};
					F2C13A0E1AAC24EF001D826B = {
						CreatedOnToolsVersion = 6.3;
						TestTargetID = F2C139F61AAC24EF001D826B;
					};
				};
			};
			buildConfigurationList = F2C139F21AAC24EF001D826B /* Build configuration list for PBXProject "SnapChat" */;
			compatibilityVersion = "Xcode 3.2";
			developmentRegion = English;
			hasScannedForEncodings = 0;
			knownRegions = (
				en,
				Base,
			);
			mainGroup = F2C139EE1AAC24EF001D826B;
			productRefGroup = F2C139F81AAC24EF001D826B /* Products */;
			projectDirPath = "";
			projectRoot = "";
			targets = (
				F2C139F61AAC24EF001D826B /* SnapChat */,
				F2C13A0E1AAC24EF001D826B /* SnapChatTests */,
			);
		};
/* End PBXProject section */

/* Begin PBXResourcesBuildPhase section */
		F2C139F51AAC24EF001D826B /* Resources */ = {
			isa = PBXResourcesBuildPhase;
			buildActionMask = 2147483647;
			files = (
				F2C13A051AAC24EF001D826B /* Main.storyboard in Resources */,
				F2C13A411AAC3A6E001D826B /* fb-button.png in Resources */,
				F2C13A0A1AAC24EF001D826B /* LaunchScreen.xib in Resources */,
				F2C13A071AAC24EF001D826B /* Images.xcassets in Resources */,
				F2C13A431AAC3B39001D826B /* Snapchat-flashy-features.jpg in Resources */,
			);
			runOnlyForDeploymentPostprocessing = 0;
		};
		F2C13A0D1AAC24EF001D826B /* Resources */ = {
			isa = PBXResourcesBuildPhase;
			buildActionMask = 2147483647;
			files = (
			);
			runOnlyForDeploymentPostprocessing = 0;
		};
/* End PBXResourcesBuildPhase section */

/* Begin PBXSourcesBuildPhase section */
		F2C139F31AAC24EF001D826B /* Sources */ = {
			isa = PBXSourcesBuildPhase;
			buildActionMask = 2147483647;
			files = (
				F2C13A021AAC24EF001D826B /* ViewController.swift in Sources */,
				F2C139FD1AAC24EF001D826B /* AppDelegate.swift in Sources */,
				F2C13A001AAC24EF001D826B /* SnapChat.xcdatamodeld in Sources */,
			);
			runOnlyForDeploymentPostprocessing = 0;
		};
		F2C13A0B1AAC24EF001D826B /* Sources */ = {
			isa = PBXSourcesBuildPhase;
			buildActionMask = 2147483647;
			files = (
				F2C13A161AAC24EF001D826B /* SnapChatTests.swift in Sources */,
			);
			runOnlyForDeploymentPostprocessing = 0;
		};
/* End PBXSourcesBuildPhase section */

/* Begin PBXTargetDependency section */
		F2C13A111AAC24EF001D826B /* PBXTargetDependency */ = {
			isa = PBXTargetDependency;
			target = F2C139F61AAC24EF001D826B /* SnapChat */;
			targetProxy = F2C13A101AAC24EF001D826B /* PBXContainerItemProxy */;
		};
/* End PBXTargetDependency section */

/* Begin PBXVariantGroup section */
		F2C13A031AAC24EF001D826B /* Main.storyboard */ = {
			isa = PBXVariantGroup;
			children = (
				F2C13A041AAC24EF001D826B /* Base */,
			);
			name = Main.storyboard;
			sourceTree = "<group>";
		};
		F2C13A081AAC24EF001D826B /* LaunchScreen.xib */ = {
			isa = PBXVariantGroup;
			children = (
				F2C13A091AAC24EF001D826B /* Base */,
			);
			name = LaunchScreen.xib;
			sourceTree = "<group>";
		};
/* End PBXVariantGroup section */

/* Begin XCBuildConfiguration section */
		F2C13A171AAC24EF001D826B /* Debug */ = {
			isa = XCBuildConfiguration;
			buildSettings = {
				ALWAYS_SEARCH_USER_PATHS = NO;
				CLANG_CXX_LANGUAGE_STANDARD = "gnu++0x";
				CLANG_CXX_LIBRARY = "libc++";
				CLANG_ENABLE_MODULES = YES;
				CLANG_ENABLE_OBJC_ARC = YES;
				CLANG_WARN_BOOL_CONVERSION = YES;
				CLANG_WARN_CONSTANT_CONVERSION = YES;
				CLANG_WARN_DIRECT_OBJC_ISA_USAGE = YES_ERROR;
				CLANG_WARN_EMPTY_BODY = YES;
				CLANG_WARN_ENUM_CONVERSION = YES;
				CLANG_WARN_INT_CONVERSION = YES;
				CLANG_WARN_OBJC_ROOT_CLASS = YES_ERROR;
				CLANG_WARN_UNREACHABLE_CODE = YES;
				CLANG_WARN__DUPLICATE_METHOD_MATCH = YES;
				"CODE_SIGN_IDENTITY[sdk=iphoneos*]" = "iPhone Developer";
				COPY_PHASE_STRIP = NO;
				DEBUG_INFORMATION_FORMAT = dwarf;
				ENABLE_STRICT_OBJC_MSGSEND = YES;
				GCC_C_LANGUAGE_STANDARD = gnu99;
				GCC_DYNAMIC_NO_PIC = NO;
				GCC_OPTIMIZATION_LEVEL = 0;
				GCC_PREPROCESSOR_DEFINITIONS = (
					"DEBUG=1",
					"$(inherited)",
				);
				GCC_SYMBOLS_PRIVATE_EXTERN = NO;
				GCC_WARN_64_TO_32_BIT_CONVERSION = YES;
				GCC_WARN_ABOUT_RETURN_TYPE = YES_ERROR;
				GCC_WARN_UNDECLARED_SELECTOR = YES;
				GCC_WARN_UNINITIALIZED_AUTOS = YES_AGGRESSIVE;
				GCC_WARN_UNUSED_FUNCTION = YES;
				GCC_WARN_UNUSED_VARIABLE = YES;
				IPHONEOS_DEPLOYMENT_TARGET = 8.3;
				MTL_ENABLE_DEBUG_INFO = YES;
				ONLY_ACTIVE_ARCH = YES;
				SDKROOT = iphoneos;
				SWIFT_OPTIMIZATION_LEVEL = "-Onone";
				TARGETED_DEVICE_FAMILY = "1,2";
			};
			name = Debug;
		};
		F2C13A181AAC24EF001D826B /* Release */ = {
			isa = XCBuildConfiguration;
			buildSettings = {
				ALWAYS_SEARCH_USER_PATHS = NO;
				CLANG_CXX_LANGUAGE_STANDARD = "gnu++0x";
				CLANG_CXX_LIBRARY = "libc++";
				CLANG_ENABLE_MODULES = YES;
				CLANG_ENABLE_OBJC_ARC = YES;
				CLANG_WARN_BOOL_CONVERSION = YES;
				CLANG_WARN_CONSTANT_CONVERSION = YES;
				CLANG_WARN_DIRECT_OBJC_ISA_USAGE = YES_ERROR;
				CLANG_WARN_EMPTY_BODY = YES;
				CLANG_WARN_ENUM_CONVERSION = YES;
				CLANG_WARN_INT_CONVERSION = YES;
				CLANG_WARN_OBJC_ROOT_CLASS = YES_ERROR;
				CLANG_WARN_UNREACHABLE_CODE = YES;
				CLANG_WARN__DUPLICATE_METHOD_MATCH = YES;
				"CODE_SIGN_IDENTITY[sdk=iphoneos*]" = "iPhone Developer";
				COPY_PHASE_STRIP = NO;
				DEBUG_INFORMATION_FORMAT = "dwarf-with-dsym";
				ENABLE_NS_ASSERTIONS = NO;
				ENABLE_STRICT_OBJC_MSGSEND = YES;
				GCC_C_LANGUAGE_STANDARD = gnu99;
				GCC_WARN_64_TO_32_BIT_CONVERSION = YES;
				GCC_WARN_ABOUT_RETURN_TYPE = YES_ERROR;
				GCC_WARN_UNDECLARED_SELECTOR = YES;
				GCC_WARN_UNINITIALIZED_AUTOS = YES_AGGRESSIVE;
				GCC_WARN_UNUSED_FUNCTION = YES;
				GCC_WARN_UNUSED_VARIABLE = YES;
				IPHONEOS_DEPLOYMENT_TARGET = 8.3;
				MTL_ENABLE_DEBUG_INFO = NO;
				SDKROOT = iphoneos;
				TARGETED_DEVICE_FAMILY = "1,2";
				VALIDATE_PRODUCT = YES;
			};
			name = Release;
		};
		F2C13A1A1AAC24EF001D826B /* Debug */ = {
			isa = XCBuildConfiguration;
			buildSettings = {
				ASSETCATALOG_COMPILER_APPICON_NAME = AppIcon;
				CLANG_ENABLE_MODULES = YES;
				FRAMEWORK_SEARCH_PATHS = (
					"$(inherited)",
					"$(PROJECT_DIR)",
				);
				INFOPLIST_FILE = SnapChat/Info.plist;
				IPHONEOS_DEPLOYMENT_TARGET = 8.1;
				LD_RUNPATH_SEARCH_PATHS = "$(inherited) @executable_path/Frameworks";
				PRODUCT_NAME = "$(TARGET_NAME)";
				SDKROOT = iphoneos;
				SWIFT_OBJC_BRIDGING_HEADER = "SnapChat-Bridging-Header.h";
				SWIFT_OPTIMIZATION_LEVEL = "-Onone";
			};
			name = Debug;
		};
		F2C13A1B1AAC24EF001D826B /* Release */ = {
			isa = XCBuildConfiguration;
			buildSettings = {
				ASSETCATALOG_COMPILER_APPICON_NAME = AppIcon;
				CLANG_ENABLE_MODULES = YES;
				FRAMEWORK_SEARCH_PATHS = (
					"$(inherited)",
					"$(PROJECT_DIR)",
				);
				INFOPLIST_FILE = SnapChat/Info.plist;
				IPHONEOS_DEPLOYMENT_TARGET = 8.1;
				LD_RUNPATH_SEARCH_PATHS = "$(inherited) @executable_path/Frameworks";
				PRODUCT_NAME = "$(TARGET_NAME)";
				SDKROOT = iphoneos;
				SWIFT_OBJC_BRIDGING_HEADER = "SnapChat-Bridging-Header.h";
			};
			name = Release;
		};
		F2C13A1D1AAC24EF001D826B /* Debug */ = {
			isa = XCBuildConfiguration;
			buildSettings = {
				BUNDLE_LOADER = "$(TEST_HOST)";
				FRAMEWORK_SEARCH_PATHS = (
					"$(SDKROOT)/Developer/Library/Frameworks",
					"$(inherited)",
				);
				GCC_PREPROCESSOR_DEFINITIONS = (
					"DEBUG=1",
					"$(inherited)",
				);
				INFOPLIST_FILE = SnapChatTests/Info.plist;
				LD_RUNPATH_SEARCH_PATHS = "$(inherited) @executable_path/Frameworks @loader_path/Frameworks";
				PRODUCT_NAME = "$(TARGET_NAME)";
				TEST_HOST = "$(BUILT_PRODUCTS_DIR)/SnapChat.app/SnapChat";
			};
			name = Debug;
		};
		F2C13A1E1AAC24EF001D826B /* Release */ = {
			isa = XCBuildConfiguration;
			buildSettings = {
				BUNDLE_LOADER = "$(TEST_HOST)";
				FRAMEWORK_SEARCH_PATHS = (
					"$(SDKROOT)/Developer/Library/Frameworks",
					"$(inherited)",
				);
				INFOPLIST_FILE = SnapChatTests/Info.plist;
				LD_RUNPATH_SEARCH_PATHS = "$(inherited) @executable_path/Frameworks @loader_path/Frameworks";
				PRODUCT_NAME = "$(TARGET_NAME)";
				TEST_HOST = "$(BUILT_PRODUCTS_DIR)/SnapChat.app/SnapChat";
			};
			name = Release;
		};
/* End XCBuildConfiguration section */

/* Begin XCConfigurationList section */
		F2C139F21AAC24EF001D826B /* Build configuration list for PBXProject "SnapChat" */ = {
			isa = XCConfigurationList;
			buildConfigurations = (
				F2C13A171AAC24EF001D826B /* Debug */,
				F2C13A181AAC24EF001D826B /* Release */,
			);
			defaultConfigurationIsVisible = 0;
			defaultConfigurationName = Release;
		};
		F2C13A191AAC24EF001D826B /* Build configuration list for PBXNativeTarget "SnapChat" */ = {
			isa = XCConfigurationList;
			buildConfigurations = (
				F2C13A1A1AAC24EF001D826B /* Debug */,
				F2C13A1B1AAC24EF001D826B /* Release */,
			);
			defaultConfigurationIsVisible = 0;
		};
		F2C13A1C1AAC24EF001D826B /* Build configuration list for PBXNativeTarget "SnapChatTests" */ = {
			isa = XCConfigurationList;
			buildConfigurations = (
				F2C13A1D1AAC24EF001D826B /* Debug */,
				F2C13A1E1AAC24EF001D826B /* Release */,
			);
			defaultConfigurationIsVisible = 0;
		};
/* End XCConfigurationList section */

/* Begin XCVersionGroup section */
		F2C139FE1AAC24EF001D826B /* SnapChat.xcdatamodeld */ = {
			isa = XCVersionGroup;
			children = (
				F2C139FF1AAC24EF001D826B /* SnapChat.xcdatamodel */,
			);
			currentVersion = F2C139FF1AAC24EF001D826B /* SnapChat.xcdatamodel */;
			path = SnapChat.xcdatamodeld;
			sourceTree = "<group>";
			versionGroupType = wrapper.xcdatamodel;
		};
/* End XCVersionGroup section */
	};
	rootObject = F2C139EF1AAC24EF001D826B /* Project object */;
}
